
Microsoft Visual Studio Solution File, Format Version 12.00
# Visual Studio 14
VisualStudioVersion = 14.0.23107.0
MinimumVisualStudioVersion = 10.0.40219.1
Project("{FAE04EC0-301F-11D3-BF4B-00C04F79EFBC}") = "GoFPatterns", "GoFPatterns\GoFPatterns.csproj", "{137F3091-9A6A-439A-929C-0E4E9E02D7FD}"
EndProject
Project("{FAE04EC0-301F-11D3-BF4B-00C04F79EFBC}") = "PrismSample", "PrismSample\PrismSample.csproj", "{B4B26E7E-E26C-491A-9C1B-594DAEAEAE35}"
EndProject
Project("{FAE04EC0-301F-11D3-BF4B-00C04F79EFBC}") = "ThreadPoolSample", "ThreadPoolSample\ThreadPoolSample.csproj", "{6D2D05B1-94E9-446F-B247-751D2DDBFA91}"
EndProject
Project("{FAE04EC0-301F-11D3-BF4B-00C04F79EFBC}") = "BackgroundTaskConsumer", "BackgroundTaskConsumer\BackgroundTaskConsumer.csproj", "{D5F027B0-21CD-402A-8F27-47AB2EB04F65}"
EndProject
Project("{FAE04EC0-301F-11D3-BF4B-00C04F79EFBC}") = "SecondBackgroundTask", "SecondBackgroundTask\SecondBackgroundTask.csproj", "{33EE16AB-3F31-430D-85C5-1C54702650AD}"
EndProject
Project("{FAE04EC0-301F-11D3-BF4B-00C04F79EFBC}") = "AppLifecycleSample", "AppLifecycleSample\AppLifecycleSample.csproj", "{A8F2851D-C063-4895-AADF-5090EF4D49F4}"
EndProject
Project("{FAE04EC0-301F-11D3-BF4B-00C04F79EFBC}") = "SplashScreenSample", "SplashScreenSample\SplashScreenSample.csproj", "{1546681B-3220-404F-A0E8-0E717C81B89D}"
EndProject
Project("{FAE04EC0-301F-11D3-BF4B-00C04F79EFBC}") = "ShareContractSample", "ShareContractSample\ShareContractSample.csproj", "{3432BADB-2464-4677-9FA3-2D8AECAF25A2}"
EndProject
Project("{FAE04EC0-301F-11D3-BF4B-00C04F79EFBC}") = "ShareContentSampleReciever", "ShareContentSampleReciever\ShareContentSampleReciever.csproj", "{3B4E0DE7-DB8C-43C5-8545-83FE1FEA54B4}"
EndProject
Project("{FAE04EC0-301F-11D3-BF4B-00C04F79EFBC}") = "DragAndDropSupport", "DragAndDropSupport\DragAndDropSupport.csproj", "{825604EF-BD28-4477-8C93-178DDEAD0B89}"
EndProject
Global
	GlobalSection(SolutionConfigurationPlatforms) = preSolution
		Debug|Any CPU = Debug|Any CPU
		Debug|ARM = Debug|ARM
		Debug|x64 = Debug|x64
		Debug|x86 = Debug|x86
		Release|Any CPU = Release|Any CPU
		Release|ARM = Release|ARM
		Release|x64 = Release|x64
		Release|x86 = Release|x86
	EndGlobalSection
	GlobalSection(ProjectConfigurationPlatforms) = postSolution
		{137F3091-9A6A-439A-929C-0E4E9E02D7FD}.Debug|Any CPU.ActiveCfg = Debug|Any CPU
		{137F3091-9A6A-439A-929C-0E4E9E02D7FD}.Debug|Any CPU.Build.0 = Debug|Any CPU
		{137F3091-9A6A-439A-929C-0E4E9E02D7FD}.Debug|ARM.ActiveCfg = Debug|Any CPU
		{137F3091-9A6A-439A-929C-0E4E9E02D7FD}.Debug|ARM.Build.0 = Debug|Any CPU
		{137F3091-9A6A-439A-929C-0E4E9E02D7FD}.Debug|x64.ActiveCfg = Debug|Any CPU
		{137F3091-9A6A-439A-929C-0E4E9E02D7FD}.Debug|x64.Build.0 = Debug|Any CPU
		{137F3091-9A6A-439A-929C-0E4E9E02D7FD}.Debug|x86.ActiveCfg = Debug|Any CPU
		{137F3091-9A6A-439A-929C-0E4E9E02D7FD}.Debug|x86.Build.0 = Debug|Any CPU
		{137F3091-9A6A-439A-929C-0E4E9E02D7FD}.Release|Any CPU.ActiveCfg = Release|Any CPU
		{137F3091-9A6A-439A-929C-0E4E9E02D7FD}.Release|Any CPU.Build.0 = Release|Any CPU
		{137F3091-9A6A-439A-929C-0E4E9E02D7FD}.Release|ARM.ActiveCfg = Release|Any CPU
		{137F3091-9A6A-439A-929C-0E4E9E02D7FD}.Release|ARM.Build.0 = Release|Any CPU
		{137F3091-9A6A-439A-929C-0E4E9E02D7FD}.Release|x64.ActiveCfg = Release|Any CPU
		{137F3091-9A6A-439A-929C-0E4E9E02D7FD}.Release|x64.Build.0 = Release|Any CPU
		{137F3091-9A6A-439A-929C-0E4E9E02D7FD}.Release|x86.ActiveCfg = Release|Any CPU
		{137F3091-9A6A-439A-929C-0E4E9E02D7FD}.Release|x86.Build.0 = Release|Any CPU
		{B4B26E7E-E26C-491A-9C1B-594DAEAEAE35}.Debug|Any CPU.ActiveCfg = Debug|x86
		{B4B26E7E-E26C-491A-9C1B-594DAEAEAE35}.Debug|Any CPU.Build.0 = Debug|x86
		{B4B26E7E-E26C-491A-9C1B-594DAEAEAE35}.Debug|Any CPU.Deploy.0 = Debug|x86
		{B4B26E7E-E26C-491A-9C1B-594DAEAEAE35}.Debug|ARM.ActiveCfg = Debug|ARM
		{B4B26E7E-E26C-491A-9C1B-594DAEAEAE35}.Debug|ARM.Build.0 = Debug|ARM
		{B4B26E7E-E26C-491A-9C1B-594DAEAEAE35}.Debug|ARM.Deploy.0 = Debug|ARM
		{B4B26E7E-E26C-491A-9C1B-594DAEAEAE35}.Debug|x64.ActiveCfg = Debug|x64
		{B4B26E7E-E26C-491A-9C1B-594DAEAEAE35}.Debug|x64.Build.0 = Debug|x64
		{B4B26E7E-E26C-491A-9C1B-594DAEAEAE35}.Debug|x64.Deploy.0 = Debug|x64
		{B4B26E7E-E26C-491A-9C1B-594DAEAEAE35}.Debug|x86.ActiveCfg = Debug|x86
		{B4B26E7E-E26C-491A-9C1B-594DAEAEAE35}.Debug|x86.Build.0 = Debug|x86
		{B4B26E7E-E26C-491A-9C1B-594DAEAEAE35}.Debug|x86.Deploy.0 = Debug|x86
		{B4B26E7E-E26C-491A-9C1B-594DAEAEAE35}.Release|Any CPU.ActiveCfg = Release|x86
		{B4B26E7E-E26C-491A-9C1B-594DAEAEAE35}.Release|ARM.ActiveCfg = Release|ARM
		{B4B26E7E-E26C-491A-9C1B-594DAEAEAE35}.Release|ARM.Build.0 = Release|ARM
		{B4B26E7E-E26C-491A-9C1B-594DAEAEAE35}.Release|ARM.Deploy.0 = Release|ARM
		{B4B26E7E-E26C-491A-9C1B-594DAEAEAE35}.Release|x64.ActiveCfg = Release|x64
		{B4B26E7E-E26C-491A-9C1B-594DAEAEAE35}.Release|x64.Build.0 = Release|x64
		{B4B26E7E-E26C-491A-9C1B-594DAEAEAE35}.Release|x64.Deploy.0 = Release|x64
		{B4B26E7E-E26C-491A-9C1B-594DAEAEAE35}.Release|x86.ActiveCfg = Release|x86
		{B4B26E7E-E26C-491A-9C1B-594DAEAEAE35}.Release|x86.Build.0 = Release|x86
		{B4B26E7E-E26C-491A-9C1B-594DAEAEAE35}.Release|x86.Deploy.0 = Release|x86
		{6D2D05B1-94E9-446F-B247-751D2DDBFA91}.Debug|Any CPU.ActiveCfg = Debug|x86
		{6D2D05B1-94E9-446F-B247-751D2DDBFA91}.Debug|Any CPU.Build.0 = Debug|x86
		{6D2D05B1-94E9-446F-B247-751D2DDBFA91}.Debug|Any CPU.Deploy.0 = Debug|x86
		{6D2D05B1-94E9-446F-B247-751D2DDBFA91}.Debug|ARM.ActiveCfg = Debug|ARM
		{6D2D05B1-94E9-446F-B247-751D2DDBFA91}.Debug|ARM.Build.0 = Debug|ARM
		{6D2D05B1-94E9-446F-B247-751D2DDBFA91}.Debug|ARM.Deploy.0 = Debug|ARM
		{6D2D05B1-94E9-446F-B247-751D2DDBFA91}.Debug|x64.ActiveCfg = Debug|x64
		{6D2D05B1-94E9-446F-B247-751D2DDBFA91}.Debug|x64.Build.0 = Debug|x64
		{6D2D05B1-94E9-446F-B247-751D2DDBFA91}.Debug|x64.Deploy.0 = Debug|x64
		{6D2D05B1-94E9-446F-B247-751D2DDBFA91}.Debug|x86.ActiveCfg = Debug|x86
		{6D2D05B1-94E9-446F-B247-751D2DDBFA91}.Debug|x86.Build.0 = Debug|x86
		{6D2D05B1-94E9-446F-B247-751D2DDBFA91}.Debug|x86.Deploy.0 = Debug|x86
		{6D2D05B1-94E9-446F-B247-751D2DDBFA91}.Release|Any CPU.ActiveCfg = Release|x86
		{6D2D05B1-94E9-446F-B247-751D2DDBFA91}.Release|ARM.ActiveCfg = Release|ARM
		{6D2D05B1-94E9-446F-B247-751D2DDBFA91}.Release|ARM.Build.0 = Release|ARM
		{6D2D05B1-94E9-446F-B247-751D2DDBFA91}.Release|ARM.Deploy.0 = Release|ARM
		{6D2D05B1-94E9-446F-B247-751D2DDBFA91}.Release|x64.ActiveCfg = Release|x64
		{6D2D05B1-94E9-446F-B247-751D2DDBFA91}.Release|x64.Build.0 = Release|x64
		{6D2D05B1-94E9-446F-B247-751D2DDBFA91}.Release|x64.Deploy.0 = Release|x64
		{6D2D05B1-94E9-446F-B247-751D2DDBFA91}.Release|x86.ActiveCfg = Release|x86
		{6D2D05B1-94E9-446F-B247-751D2DDBFA91}.Release|x86.Build.0 = Release|x86
		{6D2D05B1-94E9-446F-B247-751D2DDBFA91}.Release|x86.Deploy.0 = Release|x86
		{D5F027B0-21CD-402A-8F27-47AB2EB04F65}.Debug|Any CPU.ActiveCfg = Debug|x86
		{D5F027B0-21CD-402A-8F27-47AB2EB04F65}.Debug|Any CPU.Build.0 = Debug|x86
		{D5F027B0-21CD-402A-8F27-47AB2EB04F65}.Debug|Any CPU.Deploy.0 = Debug|x86
		{D5F027B0-21CD-402A-8F27-47AB2EB04F65}.Debug|ARM.ActiveCfg = Debug|ARM
		{D5F027B0-21CD-402A-8F27-47AB2EB04F65}.Debug|ARM.Build.0 = Debug|ARM
		{D5F027B0-21CD-402A-8F27-47AB2EB04F65}.Debug|ARM.Deploy.0 = Debug|ARM
		{D5F027B0-21CD-402A-8F27-47AB2EB04F65}.Debug|x64.ActiveCfg = Debug|x64
		{D5F027B0-21CD-402A-8F27-47AB2EB04F65}.Debug|x64.Build.0 = Debug|x64
		{D5F027B0-21CD-402A-8F27-47AB2EB04F65}.Debug|x64.Deploy.0 = Debug|x64
		{D5F027B0-21CD-402A-8F27-47AB2EB04F65}.Debug|x86.ActiveCfg = Debug|x86
		{D5F027B0-21CD-402A-8F27-47AB2EB04F65}.Debug|x86.Build.0 = Debug|x86
		{D5F027B0-21CD-402A-8F27-47AB2EB04F65}.Debug|x86.Deploy.0 = Debug|x86
		{D5F027B0-21CD-402A-8F27-47AB2EB04F65}.Release|Any CPU.ActiveCfg = Release|x86
		{D5F027B0-21CD-402A-8F27-47AB2EB04F65}.Release|ARM.ActiveCfg = Release|ARM
		{D5F027B0-21CD-402A-8F27-47AB2EB04F65}.Release|ARM.Build.0 = Release|ARM
		{D5F027B0-21CD-402A-8F27-47AB2EB04F65}.Release|ARM.Deploy.0 = Release|ARM
		{D5F027B0-21CD-402A-8F27-47AB2EB04F65}.Release|x64.ActiveCfg = Release|x64
		{D5F027B0-21CD-402A-8F27-47AB2EB04F65}.Release|x64.Build.0 = Release|x64
		{D5F027B0-21CD-402A-8F27-47AB2EB04F65}.Release|x64.Deploy.0 = Release|x64
		{D5F027B0-21CD-402A-8F27-47AB2EB04F65}.Release|x86.ActiveCfg = Release|x86
		{D5F027B0-21CD-402A-8F27-47AB2EB04F65}.Release|x86.Build.0 = Release|x86
		{D5F027B0-21CD-402A-8F27-47AB2EB04F65}.Release|x86.Deploy.0 = Release|x86
		{33EE16AB-3F31-430D-85C5-1C54702650AD}.Debug|Any CPU.ActiveCfg = Debug|Any CPU
		{33EE16AB-3F31-430D-85C5-1C54702650AD}.Debug|Any CPU.Build.0 = Debug|Any CPU
		{33EE16AB-3F31-430D-85C5-1C54702650AD}.Debug|ARM.ActiveCfg = Debug|ARM
		{33EE16AB-3F31-430D-85C5-1C54702650AD}.Debug|ARM.Build.0 = Debug|ARM
		{33EE16AB-3F31-430D-85C5-1C54702650AD}.Debug|x64.ActiveCfg = Debug|x64
		{33EE16AB-3F31-430D-85C5-1C54702650AD}.Debug|x64.Build.0 = Debug|x64
		{33EE16AB-3F31-430D-85C5-1C54702650AD}.Debug|x86.ActiveCfg = Debug|x86
		{33EE16AB-3F31-430D-85C5-1C54702650AD}.Debug|x86.Build.0 = Debug|x86
		{33EE16AB-3F31-430D-85C5-1C54702650AD}.Release|Any CPU.ActiveCfg = Release|Any CPU
		{33EE16AB-3F31-430D-85C5-1C54702650AD}.Release|Any CPU.Build.0 = Release|Any CPU
		{33EE16AB-3F31-430D-85C5-1C54702650AD}.Release|ARM.ActiveCfg = Release|ARM
		{33EE16AB-3F31-430D-85C5-1C54702650AD}.Release|ARM.Build.0 = Release|ARM
		{33EE16AB-3F31-430D-85C5-1C54702650AD}.Release|x64.ActiveCfg = Release|x64
		{33EE16AB-3F31-430D-85C5-1C54702650AD}.Release|x64.Build.0 = Release|x64
		{33EE16AB-3F31-430D-85C5-1C54702650AD}.Release|x86.ActiveCfg = Release|x86
		{33EE16AB-3F31-430D-85C5-1C54702650AD}.Release|x86.Build.0 = Release|x86
		{A8F2851D-C063-4895-AADF-5090EF4D49F4}.Debug|Any CPU.ActiveCfg = Debug|x86
		{A8F2851D-C063-4895-AADF-5090EF4D49F4}.Debug|Any CPU.Build.0 = Debug|x86
		{A8F2851D-C063-4895-AADF-5090EF4D49F4}.Debug|Any CPU.Deploy.0 = Debug|x86
		{A8F2851D-C063-4895-AADF-5090EF4D49F4}.Debug|ARM.ActiveCfg = Debug|ARM
		{A8F2851D-C063-4895-AADF-5090EF4D49F4}.Debug|ARM.Build.0 = Debug|ARM
		{A8F2851D-C063-4895-AADF-5090EF4D49F4}.Debug|ARM.Deploy.0 = Debug|ARM
		{A8F2851D-C063-4895-AADF-5090EF4D49F4}.Debug|x64.ActiveCfg = Debug|x64
		{A8F2851D-C063-4895-AADF-5090EF4D49F4}.Debug|x64.Build.0 = Debug|x64
		{A8F2851D-C063-4895-AADF-5090EF4D49F4}.Debug|x64.Deploy.0 = Debug|x64
		{A8F2851D-C063-4895-AADF-5090EF4D49F4}.Debug|x86.ActiveCfg = Debug|x86
		{A8F2851D-C063-4895-AADF-5090EF4D49F4}.Debug|x86.Build.0 = Debug|x86
		{A8F2851D-C063-4895-AADF-5090EF4D49F4}.Debug|x86.Deploy.0 = Debug|x86
		{A8F2851D-C063-4895-AADF-5090EF4D49F4}.Release|Any CPU.ActiveCfg = Release|x86
		{A8F2851D-C063-4895-AADF-5090EF4D49F4}.Release|ARM.ActiveCfg = Release|ARM
		{A8F2851D-C063-4895-AADF-5090EF4D49F4}.Release|ARM.Build.0 = Release|ARM
		{A8F2851D-C063-4895-AADF-5090EF4D49F4}.Release|ARM.Deploy.0 = Release|ARM
		{A8F2851D-C063-4895-AADF-5090EF4D49F4}.Release|x64.ActiveCfg = Release|x64
		{A8F2851D-C063-4895-AADF-5090EF4D49F4}.Release|x64.Build.0 = Release|x64
		{A8F2851D-C063-4895-AADF-5090EF4D49F4}.Release|x64.Deploy.0 = Release|x64
		{A8F2851D-C063-4895-AADF-5090EF4D49F4}.Release|x86.ActiveCfg = Release|x86
		{A8F2851D-C063-4895-AADF-5090EF4D49F4}.Release|x86.Build.0 = Release|x86
		{A8F2851D-C063-4895-AADF-5090EF4D49F4}.Release|x86.Deploy.0 = Release|x86
		{1546681B-3220-404F-A0E8-0E717C81B89D}.Debug|Any CPU.ActiveCfg = Debug|x86
		{1546681B-3220-404F-A0E8-0E717C81B89D}.Debug|Any CPU.Build.0 = Debug|x86
		{1546681B-3220-404F-A0E8-0E717C81B89D}.Debug|Any CPU.Deploy.0 = Debug|x86
		{1546681B-3220-404F-A0E8-0E717C81B89D}.Debug|ARM.ActiveCfg = Debug|ARM
		{1546681B-3220-404F-A0E8-0E717C81B89D}.Debug|ARM.Build.0 = Debug|ARM
		{1546681B-3220-404F-A0E8-0E717C81B89D}.Debug|ARM.Deploy.0 = Debug|ARM
		{1546681B-3220-404F-A0E8-0E717C81B89D}.Debug|x64.ActiveCfg = Debug|x64
		{1546681B-3220-404F-A0E8-0E717C81B89D}.Debug|x64.Build.0 = Debug|x64
		{1546681B-3220-404F-A0E8-0E717C81B89D}.Debug|x64.Deploy.0 = Debug|x64
		{1546681B-3220-404F-A0E8-0E717C81B89D}.Debug|x86.ActiveCfg = Debug|x86
		{1546681B-3220-404F-A0E8-0E717C81B89D}.Debug|x86.Build.0 = Debug|x86
		{1546681B-3220-404F-A0E8-0E717C81B89D}.Debug|x86.Deploy.0 = Debug|x86
		{1546681B-3220-404F-A0E8-0E717C81B89D}.Release|Any CPU.ActiveCfg = Release|x86
		{1546681B-3220-404F-A0E8-0E717C81B89D}.Release|ARM.ActiveCfg = Release|ARM
		{1546681B-3220-404F-A0E8-0E717C81B89D}.Release|ARM.Build.0 = Release|ARM
		{1546681B-3220-404F-A0E8-0E717C81B89D}.Release|ARM.Deploy.0 = Release|ARM
		{1546681B-3220-404F-A0E8-0E717C81B89D}.Release|x64.ActiveCfg = Release|x64
		{1546681B-3220-404F-A0E8-0E717C81B89D}.Release|x64.Build.0 = Release|x64
		{1546681B-3220-404F-A0E8-0E717C81B89D}.Release|x64.Deploy.0 = Release|x64
		{1546681B-3220-404F-A0E8-0E717C81B89D}.Release|x86.ActiveCfg = Release|x86
		{1546681B-3220-404F-A0E8-0E717C81B89D}.Release|x86.Build.0 = Release|x86
		{1546681B-3220-404F-A0E8-0E717C81B89D}.Release|x86.Deploy.0 = Release|x86
		{3432BADB-2464-4677-9FA3-2D8AECAF25A2}.Debug|Any CPU.ActiveCfg = Debug|x86
		{3432BADB-2464-4677-9FA3-2D8AECAF25A2}.Debug|Any CPU.Build.0 = Debug|x86
		{3432BADB-2464-4677-9FA3-2D8AECAF25A2}.Debug|Any CPU.Deploy.0 = Debug|x86
		{3432BADB-2464-4677-9FA3-2D8AECAF25A2}.Debug|ARM.ActiveCfg = Debug|ARM
		{3432BADB-2464-4677-9FA3-2D8AECAF25A2}.Debug|ARM.Build.0 = Debug|ARM
		{3432BADB-2464-4677-9FA3-2D8AECAF25A2}.Debug|ARM.Deploy.0 = Debug|ARM
		{3432BADB-2464-4677-9FA3-2D8AECAF25A2}.Debug|x64.ActiveCfg = Debug|x64
		{3432BADB-2464-4677-9FA3-2D8AECAF25A2}.Debug|x64.Build.0 = Debug|x64
		{3432BADB-2464-4677-9FA3-2D8AECAF25A2}.Debug|x64.Deploy.0 = Debug|x64
		{3432BADB-2464-4677-9FA3-2D8AECAF25A2}.Debug|x86.ActiveCfg = Debug|x86
		{3432BADB-2464-4677-9FA3-2D8AECAF25A2}.Debug|x86.Build.0 = Debug|x86
		{3432BADB-2464-4677-9FA3-2D8AECAF25A2}.Debug|x86.Deploy.0 = Debug|x86
		{3432BADB-2464-4677-9FA3-2D8AECAF25A2}.Release|Any CPU.ActiveCfg = Release|x86
		{3432BADB-2464-4677-9FA3-2D8AECAF25A2}.Release|ARM.ActiveCfg = Release|ARM
		{3432BADB-2464-4677-9FA3-2D8AECAF25A2}.Release|ARM.Build.0 = Release|ARM
		{3432BADB-2464-4677-9FA3-2D8AECAF25A2}.Release|ARM.Deploy.0 = Release|ARM
		{3432BADB-2464-4677-9FA3-2D8AECAF25A2}.Release|x64.ActiveCfg = Release|x64
		{3432BADB-2464-4677-9FA3-2D8AECAF25A2}.Release|x64.Build.0 = Release|x64
		{3432BADB-2464-4677-9FA3-2D8AECAF25A2}.Release|x64.Deploy.0 = Release|x64
		{3432BADB-2464-4677-9FA3-2D8AECAF25A2}.Release|x86.ActiveCfg = Release|x86
		{3432BADB-2464-4677-9FA3-2D8AECAF25A2}.Release|x86.Build.0 = Release|x86
		{3432BADB-2464-4677-9FA3-2D8AECAF25A2}.Release|x86.Deploy.0 = Release|x86
		{3B4E0DE7-DB8C-43C5-8545-83FE1FEA54B4}.Debug|Any CPU.ActiveCfg = Debug|x86
		{3B4E0DE7-DB8C-43C5-8545-83FE1FEA54B4}.Debug|Any CPU.Build.0 = Debug|x86
		{3B4E0DE7-DB8C-43C5-8545-83FE1FEA54B4}.Debug|Any CPU.Deploy.0 = Debug|x86
		{3B4E0DE7-DB8C-43C5-8545-83FE1FEA54B4}.Debug|ARM.ActiveCfg = Debug|ARM
		{3B4E0DE7-DB8C-43C5-8545-83FE1FEA54B4}.Debug|ARM.Build.0 = Debug|ARM
		{3B4E0DE7-DB8C-43C5-8545-83FE1FEA54B4}.Debug|ARM.Deploy.0 = Debug|ARM
		{3B4E0DE7-DB8C-43C5-8545-83FE1FEA54B4}.Debug|x64.ActiveCfg = Debug|x64
		{3B4E0DE7-DB8C-43C5-8545-83FE1FEA54B4}.Debug|x64.Build.0 = Debug|x64
		{3B4E0DE7-DB8C-43C5-8545-83FE1FEA54B4}.Debug|x64.Deploy.0 = Debug|x64
		{3B4E0DE7-DB8C-43C5-8545-83FE1FEA54B4}.Debug|x86.ActiveCfg = Debug|x86
		{3B4E0DE7-DB8C-43C5-8545-83FE1FEA54B4}.Debug|x86.Build.0 = Debug|x86
		{3B4E0DE7-DB8C-43C5-8545-83FE1FEA54B4}.Debug|x86.Deploy.0 = Debug|x86
		{3B4E0DE7-DB8C-43C5-8545-83FE1FEA54B4}.Release|Any CPU.ActiveCfg = Release|x86
		{3B4E0DE7-DB8C-43C5-8545-83FE1FEA54B4}.Release|ARM.ActiveCfg = Release|ARM
		{3B4E0DE7-DB8C-43C5-8545-83FE1FEA54B4}.Release|ARM.Build.0 = Release|ARM
		{3B4E0DE7-DB8C-43C5-8545-83FE1FEA54B4}.Release|ARM.Deploy.0 = Release|ARM
		{3B4E0DE7-DB8C-43C5-8545-83FE1FEA54B4}.Release|x64.ActiveCfg = Release|x64
		{3B4E0DE7-DB8C-43C5-8545-83FE1FEA54B4}.Release|x64.Build.0 = Release|x64
		{3B4E0DE7-DB8C-43C5-8545-83FE1FEA54B4}.Release|x64.Deploy.0 = Release|x64
		{3B4E0DE7-DB8C-43C5-8545-83FE1FEA54B4}.Release|x86.ActiveCfg = Release|x86
		{3B4E0DE7-DB8C-43C5-8545-83FE1FEA54B4}.Release|x86.Build.0 = Release|x86
		{3B4E0DE7-DB8C-43C5-8545-83FE1FEA54B4}.Release|x86.Deploy.0 = Release|x86
		{825604EF-BD28-4477-8C93-178DDEAD0B89}.Debug|Any CPU.ActiveCfg = Debug|x86
		{825604EF-BD28-4477-8C93-178DDEAD0B89}.Debug|Any CPU.Build.0 = Debug|x86
		{825604EF-BD28-4477-8C93-178DDEAD0B89}.Debug|Any CPU.Deploy.0 = Debug|x86
		{825604EF-BD28-4477-8C93-178DDEAD0B89}.Debug|ARM.ActiveCfg = Debug|ARM
		{825604EF-BD28-4477-8C93-178DDEAD0B89}.Debug|ARM.Build.0 = Debug|ARM
		{825604EF-BD28-4477-8C93-178DDEAD0B89}.Debug|ARM.Deploy.0 = Debug|ARM
		{825604EF-BD28-4477-8C93-178DDEAD0B89}.Debug|x64.ActiveCfg = Debug|x64
		{825604EF-BD28-4477-8C93-178DDEAD0B89}.Debug|x64.Build.0 = Debug|x64
		{825604EF-BD28-4477-8C93-178DDEAD0B89}.Debug|x64.Deploy.0 = Debug|x64
		{825604EF-BD28-4477-8C93-178DDEAD0B89}.Debug|x86.ActiveCfg = Debug|x86
		{825604EF-BD28-4477-8C93-178DDEAD0B89}.Debug|x86.Build.0 = Debug|x86
		{825604EF-BD28-4477-8C93-178DDEAD0B89}.Debug|x86.Deploy.0 = Debug|x86
		{825604EF-BD28-4477-8C93-178DDEAD0B89}.Release|Any CPU.ActiveCfg = Release|x86
		{825604EF-BD28-4477-8C93-178DDEAD0B89}.Release|ARM.ActiveCfg = Release|ARM
		{825604EF-BD28-4477-8C93-178DDEAD0B89}.Release|ARM.Build.0 = Release|ARM
		{825604EF-BD28-4477-8C93-178DDEAD0B89}.Release|ARM.Deploy.0 = Release|ARM
		{825604EF-BD28-4477-8C93-178DDEAD0B89}.Release|x64.ActiveCfg = Release|x64
		{825604EF-BD28-4477-8C93-178DDEAD0B89}.Release|x64.Build.0 = Release|x64
		{825604EF-BD28-4477-8C93-178DDEAD0B89}.Release|x64.Deploy.0 = Release|x64
		{825604EF-BD28-4477-8C93-178DDEAD0B89}.Release|x86.ActiveCfg = Release|x86
		{825604EF-BD28-4477-8C93-178DDEAD0B89}.Release|x86.Build.0 = Release|x86
		{825604EF-BD28-4477-8C93-178DDEAD0B89}.Release|x86.Deploy.0 = Release|x86
	EndGlobalSection
	GlobalSection(SolutionProperties) = preSolution
		HideSolutionNode = FALSE
	EndGlobalSection
EndGlobal
